
Microsoft Visual Studio Solution File, Format Version 12.00
# Visual Studio Version 16
VisualStudioVersion = 16.0.31605.320
MinimumVisualStudioVersion = 10.0.40219.1
Project("{9A19103F-16F7-4668-BE54-9A1E7A4F7556}") = "Movies.API", "src\Movies.API\Movies.API.csproj", "{699E80FE-29A3-4E48-B671-3A9122BC99FF}"
EndProject
Project("{9A19103F-16F7-4668-BE54-9A1E7A4F7556}") = "IdentityServer", "src\IdentityServer\IdentityServer.csproj", "{9A4F8004-3856-4AAF-8841-5DE57EA2A47C}"
EndProject
Project("{9A19103F-16F7-4668-BE54-9A1E7A4F7556}") = "Movies.Client", "src\Movies.Client\Movies.Client.csproj", "{E0EB40EA-3BA2-4195-9113-B54ED42F9DDC}"
EndProject
Project("{FAE04EC0-301F-11D3-BF4B-00C04F79EFBC}") = "ApiGateway", "src\ApiGateway\ApiGateway.csproj", "{3346F876-80D8-4C7E-A693-F2BA0B363123}"
EndProject
Global
	GlobalSection(SolutionConfigurationPlatforms) = preSolution
		Debug|Any CPU = Debug|Any CPU
		Release|Any CPU = Release|Any CPU
	EndGlobalSection
	GlobalSection(ProjectConfigurationPlatforms) = postSolution
		{699E80FE-29A3-4E48-B671-3A9122BC99FF}.Debug|Any CPU.ActiveCfg = Debug|Any CPU
		{699E80FE-29A3-4E48-B671-3A9122BC99FF}.Debug|Any CPU.Build.0 = Debug|Any CPU
		{699E80FE-29A3-4E48-B671-3A9122BC99FF}.Release|Any CPU.ActiveCfg = Release|Any CPU
		{699E80FE-29A3-4E48-B671-3A9122BC99FF}.Release|Any CPU.Build.0 = Release|Any CPU
		{9A4F8004-3856-4AAF-8841-5DE57EA2A47C}.Debug|Any CPU.ActiveCfg = Debug|Any CPU
		{9A4F8004-3856-4AAF-8841-5DE57EA2A47C}.Debug|Any CPU.Build.0 = Debug|Any CPU
		{9A4F8004-3856-4AAF-8841-5DE57EA2A47C}.Release|Any CPU.ActiveCfg = Release|Any CPU
		{9A4F8004-3856-4AAF-8841-5DE57EA2A47C}.Release|Any CPU.Build.0 = Release|Any CPU
		{E0EB40EA-3BA2-4195-9113-B54ED42F9DDC}.Debug|Any CPU.ActiveCfg = Debug|Any CPU
		{E0EB40EA-3BA2-4195-9113-B54ED42F9DDC}.Debug|Any CPU.Build.0 = Debug|Any CPU
		{E0EB40EA-3BA2-4195-9113-B54ED42F9DDC}.Release|Any CPU.ActiveCfg = Release|Any CPU
		{E0EB40EA-3BA2-4195-9113-B54ED42F9DDC}.Release|Any CPU.Build.0 = Release|Any CPU
		{3346F876-80D8-4C7E-A693-F2BA0B363123}.Debug|Any CPU.ActiveCfg = Debug|Any CPU
		{3346F876-80D8-4C7E-A693-F2BA0B363123}.Debug|Any CPU.Build.0 = Debug|Any CPU
		{3346F876-80D8-4C7E-A693-F2BA0B363123}.Release|Any CPU.ActiveCfg = Release|Any CPU
		{3346F876-80D8-4C7E-A693-F2BA0B363123}.Release|Any CPU.Build.0 = Release|Any CPU
	EndGlobalSection
	GlobalSection(SolutionProperties) = preSolution
		HideSolutionNode = FALSE
	EndGlobalSection
	GlobalSection(ExtensibilityGlobals) = postSolution
		SolutionGuid = {79FF3F47-9352-45F7-B31E-AEEB21FF1ABB}
	EndGlobalSection
EndGlobal
